{
  "name": "sixarrows-portal-backend",
  "version": "1.0.0",
  "lockfileVersion": 3,
  "requires": true,
  "packages": {
    "": {
      "name": "sixarrows-portal-backend",
      "version": "1.0.0",
      "dependencies": {
        "@netlify/blobs": "^8.2.0",
        "mupdf": "^1.28.0"
      },
      "engines": {
        "node": ">=18.0.0"
      }
    },
    "node_modules/@netlify/blobs": {
      "version": "8.2.0",
      "resolved": "https://registry.npmjs.org/@netlify/blobs/-/blobs-8.2.0.tgz",
      "integrity": "sha512-9djLZHBKsoKk8XCgwWSEPK9QnT8qqxEQGuYh48gFIcNLvpBKkLnHbDZuyUxmNemCfDz7h0HnMXgSPnnUVgARhg==",
      "license": "MIT",
      "engines": {
        "node": "^14.16.0 || >=16.0.0"
      }
    },
    "node_modules/mupdf": {
      "version": "1.28.0",
      "resolved": "https://registry.npmjs.org/mupdf/-/mupdf-1.28.0.tgz",
      "integrity": "sha512-ACUnbpECaQ5JLq04pwd89lS+0IGMest5qL5tb08g9TAR7bDtfqflHEkb2Xm3o4rvC/szguLiV+WEbW9kstj8Sg==",
      "license": "AGPL-3.0-or-later"
    }
  }
}
